// !$*UTF8*$!
{
	archiveVersion = 1;
	classes = {
	};
	objectVersion = 55;
	objects = {

/* Begin PBXBuildFile section */
		D81DD3B7273331E10091E446 /* AppDelegate.swift in Sources */ = {isa = PBXBuildFile; fileRef = D81DD3B6273331E10091E446 /* AppDelegate.swift */; };
		D81DD3B9273331E10091E446 /* SceneDelegate.swift in Sources */ = {isa = PBXBuildFile; fileRef = D81DD3B8273331E10091E446 /* SceneDelegate.swift */; };
		D81DD3BB273331E10091E446 /* ViewController.swift in Sources */ = {isa = PBXBuildFile; fileRef = D81DD3BA273331E10091E446 /* ViewController.swift */; };
		D81DD3BE273331E10091E446 /* Main.storyboard in Resources */ = {isa = PBXBuildFile; fileRef = D81DD3BC273331E10091E446 /* Main.storyboard */; };
		D81DD3C0273331E80091E446 /* Assets.xcassets in Resources */ = {isa = PBXBuildFile; fileRef = D81DD3BF273331E80091E446 /* Assets.xcassets */; };
		D81DD3C3273331E80091E446 /* LaunchScreen.storyboard in Resources */ = {isa = PBXBuildFile; fileRef = D81DD3C1273331E80091E446 /* LaunchScreen.storyboard */; };
		D81DD3CE273331E90091E446 /* constraints_exercise_2Tests.swift in Sources */ = {isa = PBXBuildFile; fileRef = D81DD3CD273331E90091E446 /* constraints_exercise_2Tests.swift */; };
		D81DD3D8273331E90091E446 /* constraints_exercise_2UITests.swift in Sources */ = {isa = PBXBuildFile; fileRef = D81DD3D7273331E90091E446 /* constraints_exercise_2UITests.swift */; };
		D81DD3DA273331E90091E446 /* constraints_exercise_2UITestsLaunchTests.swift in Sources */ = {isa = PBXBuildFile; fileRef = D81DD3D9273331E90091E446 /* constraints_exercise_2UITestsLaunchTests.swift */; };
/* End PBXBuildFile section */

/* Begin PBXContainerItemProxy section */
		D81DD3CA273331E90091E446 /* PBXContainerItemProxy */ = {
			isa = PBXContainerItemProxy;
			containerPortal = D81DD3AB273331E00091E446 /* Project object */;
			proxyType = 1;
			remoteGlobalIDString = D81DD3B2273331E00091E446;
			remoteInfo = constraints_exercise_2;
		};
		D81DD3D4273331E90091E446 /* PBXContainerItemProxy */ = {
			isa = PBXContainerItemProxy;
			containerPortal = D81DD3AB273331E00091E446 /* Project object */;
			proxyType = 1;
			remoteGlobalIDString = D81DD3B2273331E00091E446;
			remoteInfo = constraints_exercise_2;
		};
/* End PBXContainerItemProxy section */

/* Begin PBXFileReference section */
		D81DD3B3273331E00091E446 /* constraints_exercise_2.app */ = {isa = PBXFileReference; explicitFileType = wrapper.application; includeInIndex = 0; path = constraints_exercise_2.app; sourceTree = BUILT_PRODUCTS_DIR; };
		D81DD3B6273331E10091E446 /* AppDelegate.swift */ = {isa = PBXFileReference; lastKnownFileType = sourcecode.swift; path = AppDelegate.swift; sourceTree = "<group>"; };
		D81DD3B8273331E10091E446 /* SceneDelegate.swift */ = {isa = PBXFileReference; lastKnownFileType = sourcecode.swift; path = SceneDelegate.swift; sourceTree = "<group>"; };
		D81DD3BA273331E10091E446 /* ViewController.swift */ = {isa = PBXFileReference; lastKnownFileType = sourcecode.swift; path = ViewController.swift; sourceTree = "<group>"; };
		D81DD3BD273331E10091E446 /* Base */ = {isa = PBXFileReference; lastKnownFileType = file.storyboard; name = Base; path = Base.lproj/Main.storyboard; sourceTree = "<group>"; };
		D81DD3BF273331E80091E446 /* Assets.xcassets */ = {isa = PBXFileReference; lastKnownFileType = folder.assetcatalog; path = Assets.xcassets; sourceTree = "<group>"; };
		D81DD3C2273331E80091E446 /* Base */ = {isa = PBXFileReference; lastKnownFileType = file.storyboard; name = Base; path = Base.lproj/LaunchScreen.storyboard; sourceTree = "<group>"; };
		D81DD3C4273331E80091E446 /* Info.plist */ = {isa = PBXFileReference; lastKnownFileType = text.plist.xml; path = Info.plist; sourceTree = "<group>"; };
		D81DD3C9273331E90091E446 /* constraints_exercise_2Tests.xctest */ = {isa = PBXFileReference; explicitFileType = wrapper.cfbundle; includeInIndex = 0; path = constraints_exercise_2Tests.xctest; sourceTree = BUILT_PRODUCTS_DIR; };
		D81DD3CD273331E90091E446 /* constraints_exercise_2Tests.swift */ = {isa = PBXFileReference; lastKnownFileType = sourcecode.swift; path = constraints_exercise_2Tests.swift; sourceTree = "<group>"; };
		D81DD3D3273331E90091E446 /* constraints_exercise_2UITests.xctest */ = {isa = PBXFileReference; explicitFileType = wrapper.cfbundle; includeInIndex = 0; path = constraints_exercise_2UITests.xctest; sourceTree = BUILT_PRODUCTS_DIR; };
		D81DD3D7273331E90091E446 /* constraints_exercise_2UITests.swift */ = {isa = PBXFileReference; lastKnownFileType = sourcecode.swift; path = constraints_exercise_2UITests.swift; sourceTree = "<group>"; };
		D81DD3D9273331E90091E446 /* constraints_exercise_2UITestsLaunchTests.swift */ = {isa = PBXFileReference; lastKnownFileType = sourcecode.swift; path = constraints_exercise_2UITestsLaunchTests.swift; sourceTree = "<group>"; };
/* End PBXFileReference section */

/* Begin PBXFrameworksBuildPhase section */
		D81DD3B0273331E00091E446 /* Frameworks */ = {
			isa = PBXFrameworksBuildPhase;
			buildActionMask = 2147483647;
			files = (
			);
			runOnlyForDeploymentPostprocessing = 0;
		};
		D81DD3C6273331E90091E446 /* Frameworks */ = {
			isa = PBXFrameworksBuildPhase;
			buildActionMask = 2147483647;
			files = (
			);
			runOnlyForDeploymentPostprocessing = 0;
		};
		D81DD3D0273331E90091E446 /* Frameworks */ = {
			isa = PBXFrameworksBuildPhase;
			buildActionMask = 2147483647;
			files = (
			);
			runOnlyForDeploymentPostprocessing = 0;
		};
/* End PBXFrameworksBuildPhase section */

/* Begin PBXGroup section */
		D81DD3AA273331E00091E446 = {
			isa = PBXGroup;
			children = (
				D81DD3B5273331E00091E446 /* constraints_exercise_2 */,
				D81DD3CC273331E90091E446 /* constraints_exercise_2Tests */,
				D81DD3D6273331E90091E446 /* constraints_exercise_2UITests */,
				D81DD3B4273331E00091E446 /* Products */,
			);
			sourceTree = "<group>";
		};
		D81DD3B4273331E00091E446 /* Products */ = {
			isa = PBXGroup;
			children = (
				D81DD3B3273331E00091E446 /* constraints_exercise_2.app */,
				D81DD3C9273331E90091E446 /* constraints_exercise_2Tests.xctest */,
				D81DD3D3273331E90091E446 /* constraints_exercise_2UITests.xctest */,
			);
			name = Products;
			sourceTree = "<group>";
		};
		D81DD3B5273331E00091E446 /* constraints_exercise_2 */ = {
			isa = PBXGroup;
			children = (
				D81DD3B6273331E10091E446 /* AppDelegate.swift */,
				D81DD3B8273331E10091E446 /* SceneDelegate.swift */,
				D81DD3BA273331E10091E446 /* ViewController.swift */,
				D81DD3BC273331E10091E446 /* Main.storyboard */,
				D81DD3BF273331E80091E446 /* Assets.xcassets */,
				D81DD3C1273331E80091E446 /* LaunchScreen.storyboard */,
				D81DD3C4273331E80091E446 /* Info.plist */,
			);
			path = constraints_exercise_2;
			sourceTree = "<group>";
		};
		D81DD3CC273331E90091E446 /* constraints_exercise_2Tests */ = {
			isa = PBXGroup;
			children = (
				D81DD3CD273331E90091E446 /* constraints_exercise_2Tests.swift */,
			);
			path = constraints_exercise_2Tests;
			sourceTree = "<group>";
		};
		D81DD3D6273331E90091E446 /* constraints_exercise_2UITests */ = {
			isa = PBXGroup;
			children = (
				D81DD3D7273331E90091E446 /* constraints_exercise_2UITests.swift */,
				D81DD3D9273331E90091E446 /* constraints_exercise_2UITestsLaunchTests.swift */,
			);
			path = constraints_exercise_2UITests;
			sourceTree = "<group>";
		};
/* End PBXGroup section */

/* Begin PBXNativeTarget section */
		D81DD3B2273331E00091E446 /* constraints_exercise_2 */ = {
			isa = PBXNativeTarget;
			buildConfigurationList = D81DD3DD273331E90091E446 /* Build configuration list for PBXNativeTarget "constraints_exercise_2" */;
			buildPhases = (
				D81DD3AF273331E00091E446 /* Sources */,
				D81DD3B0273331E00091E446 /* Frameworks */,
				D81DD3B1273331E00091E446 /* Resources */,
			);
			buildRules = (
			);
			dependencies = (
			);
			name = constraints_exercise_2;
			productName = constraints_exercise_2;
			productReference = D81DD3B3273331E00091E446 /* constraints_exercise_2.app */;
			productType = "com.apple.product-type.application";
		};
		D81DD3C8273331E90091E446 /* constraints_exercise_2Tests */ = {
			isa = PBXNativeTarget;
			buildConfigurationList = D81DD3E0273331E90091E446 /* Build configuration list for PBXNativeTarget "constraints_exercise_2Tests" */;
			buildPhases = (
				D81DD3C5273331E90091E446 /* Sources */,
				D81DD3C6273331E90091E446 /* Frameworks */,
				D81DD3C7273331E90091E446 /* Resources */,
			);
			buildRules = (
			);
			dependencies = (
				D81DD3CB273331E90091E446 /* PBXTargetDependency */,
			);
			name = constraints_exercise_2Tests;
			productName = constraints_exercise_2Tests;
			productReference = D81DD3C9273331E90091E446 /* constraints_exercise_2Tests.xctest */;
			productType = "com.apple.product-type.bundle.unit-test";
		};
		D81DD3D2273331E90091E446 /* constraints_exercise_2UITests */ = {
			isa = PBXNativeTarget;
			buildConfigurationList = D81DD3E3273331E90091E446 /* Build configuration list for PBXNativeTarget "constraints_exercise_2UITests" */;
			buildPhases = (
				D81DD3CF273331E90091E446 /* Sources */,
				D81DD3D0273331E90091E446 /* Frameworks */,
				D81DD3D1273331E90091E446 /* Resources */,
			);
			buildRules = (
			);
			dependencies = (
				D81DD3D5273331E90091E446 /* PBXTargetDependency */,
			);
			name = constraints_exercise_2UITests;
			productName = constraints_exercise_2UITests;
			productReference = D81DD3D3273331E90091E446 /* constraints_exercise_2UITests.xctest */;
			productType = "com.apple.product-type.bundle.ui-testing";
		};
/* End PBXNativeTarget section */

/* Begin PBXProject section */
		D81DD3AB273331E00091E446 /* Project object */ = {
			isa = PBXProject;
			attributes = {
				BuildIndependentTargetsInParallel = 1;
				LastSwiftUpdateCheck = 1310;
				LastUpgradeCheck = 1310;
				TargetAttributes = {
					D81DD3B2273331E00091E446 = {
						CreatedOnToolsVersion = 13.1;
					};
					D81DD3C8273331E90091E446 = {
						CreatedOnToolsVersion = 13.1;
						TestTargetID = D81DD3B2273331E00091E446;
					};
					D81DD3D2273331E90091E446 = {
						CreatedOnToolsVersion = 13.1;
						TestTargetID = D81DD3B2273331E00091E446;
					};
				};
			};
			buildConfigurationList = D81DD3AE273331E00091E446 /* Build configuration list for PBXProject "constraints_exercise_2" */;
			compatibilityVersion = "Xcode 13.0";
			developmentRegion = en;
			hasScannedForEncodings = 0;
			knownRegions = (
				en,
				Base,
			);
			mainGroup = D81DD3AA273331E00091E446;
			productRefGroup = D81DD3B4273331E00091E446 /* Products */;
			projectDirPath = "";
			projectRoot = "";
			targets = (
				D81DD3B2273331E00091E446 /* constraints_exercise_2 */,
				D81DD3C8273331E90091E446 /* constraints_exercise_2Tests */,
				D81DD3D2273331E90091E446 /* constraints_exercise_2UITests */,
			);
		};
/* End PBXProject section */

/* Begin PBXResourcesBuildPhase section */
		D81DD3B1273331E00091E446 /* Resources */ = {
			isa = PBXResourcesBuildPhase;
			buildActionMask = 2147483647;
			files = (
				D81DD3C3273331E80091E446 /* LaunchScreen.storyboard in Resources */,
				D81DD3C0273331E80091E446 /* Assets.xcassets in Resources */,
				D81DD3BE273331E10091E446 /* Main.storyboard in Resources */,
			);
			runOnlyForDeploymentPostprocessing = 0;
		};
		D81DD3C7273331E90091E446 /* Resources */ = {
			isa = PBXResourcesBuildPhase;
			buildActionMask = 2147483647;
			files = (
			);
			runOnlyForDeploymentPostprocessing = 0;
		};
		D81DD3D1273331E90091E446 /* Resources */ = {
			isa = PBXResourcesBuildPhase;
			buildActionMask = 2147483647;
			files = (
			);
			runOnlyForDeploymentPostprocessing = 0;
		};
/* End PBXResourcesBuildPhase section */

/* Begin PBXSourcesBuildPhase section */
		D81DD3AF273331E00091E446 /* Sources */ = {
			isa = PBXSourcesBuildPhase;
			buildActionMask = 2147483647;
			files = (
				D81DD3BB273331E10091E446 /* ViewController.swift in Sources */,
				D81DD3B7273331E10091E446 /* AppDelegate.swift in Sources */,
				D81DD3B9273331E10091E446 /* SceneDelegate.swift in Sources */,
			);
			runOnlyForDeploymentPostprocessing = 0;
		};
		D81DD3C5273331E90091E446 /* Sources */ = {
			isa = PBXSourcesBuildPhase;
			buildActionMask = 2147483647;
			files = (
				D81DD3CE273331E90091E446 /* constraints_exercise_2Tests.swift in Sources */,
			);
			runOnlyForDeploymentPostprocessing = 0;
		};
		D81DD3CF273331E90091E446 /* Sources */ = {
			isa = PBXSourcesBuildPhase;
			buildActionMask = 2147483647;
			files = (
				D81DD3DA273331E90091E446 /* constraints_exercise_2UITestsLaunchTests.swift in Sources */,
				D81DD3D8273331E90091E446 /* constraints_exercise_2UITests.swift in Sources */,
			);
			runOnlyForDeploymentPostprocessing = 0;
		};
/* End PBXSourcesBuildPhase section */

/* Begin PBXTargetDependency section */
		D81DD3CB273331E90091E446 /* PBXTargetDependency */ = {
			isa = PBXTargetDependency;
			target = D81DD3B2273331E00091E446 /* constraints_exercise_2 */;
			targetProxy = D81DD3CA273331E90091E446 /* PBXContainerItemProxy */;
		};
		D81DD3D5273331E90091E446 /* PBXTargetDependency */ = {
			isa = PBXTargetDependency;
			target = D81DD3B2273331E00091E446 /* constraints_exercise_2 */;
			targetProxy = D81DD3D4273331E90091E446 /* PBXContainerItemProxy */;
		};
/* End PBXTargetDependency section */

/* Begin PBXVariantGroup section */
		D81DD3BC273331E10091E446 /* Main.storyboard */ = {
			isa = PBXVariantGroup;
			children = (
				D81DD3BD273331E10091E446 /* Base */,
			);
			name = Main.storyboard;
			sourceTree = "<group>";
		};
		D81DD3C1273331E80091E446 /* LaunchScreen.storyboard */ = {
			isa = PBXVariantGroup;
			children = (
				D81DD3C2273331E80091E446 /* Base */,
			);
			name = LaunchScreen.storyboard;
			sourceTree = "<group>";
		};
/* End PBXVariantGroup section */

/* Begin XCBuildConfiguration section */
		D81DD3DB273331E90091E446 /* Debug */ = {
			isa = XCBuildConfiguration;
			buildSettings = {
				ALWAYS_SEARCH_USER_PATHS = NO;
				CLANG_ANALYZER_NONNULL = YES;
				CLANG_ANALYZER_NUMBER_OBJECT_CONVERSION = YES_AGGRESSIVE;
				CLANG_CXX_LANGUAGE_STANDARD = "gnu++17";
				CLANG_CXX_LIBRARY = "libc++";
				CLANG_ENABLE_MODULES = YES;
				CLANG_ENABLE_OBJC_ARC = YES;
				CLANG_ENABLE_OBJC_WEAK = YES;
				CLANG_WARN_BLOCK_CAPTURE_AUTORELEASING = YES;
				CLANG_WARN_BOOL_CONVERSION = YES;
				CLANG_WARN_COMMA = YES;
				CLANG_WARN_CONSTANT_CONVERSION = YES;
				CLANG_WARN_DEPRECATED_OBJC_IMPLEMENTATIONS = YES;
				CLANG_WARN_DIRECT_OBJC_ISA_USAGE = YES_ERROR;
				CLANG_WARN_DOCUMENTATION_COMMENTS = YES;
				CLANG_WARN_EMPTY_BODY = YES;
				CLANG_WARN_ENUM_CONVERSION = YES;
				CLANG_WARN_INFINITE_RECURSION = YES;
				CLANG_WARN_INT_CONVERSION = YES;
				CLANG_WARN_NON_LITERAL_NULL_CONVERSION = YES;
				CLANG_WARN_OBJC_IMPLICIT_RETAIN_SELF = YES;
				CLANG_WARN_OBJC_LITERAL_CONVERSION = YES;
				CLANG_WARN_OBJC_ROOT_CLASS = YES_ERROR;
				CLANG_WARN_QUOTED_INCLUDE_IN_FRAMEWORK_HEADER = YES;
				CLANG_WARN_RANGE_LOOP_ANALYSIS = YES;
				CLANG_WARN_STRICT_PROTOTYPES = YES;
				CLANG_WARN_SUSPICIOUS_MOVE = YES;
				CLANG_WARN_UNGUARDED_AVAILABILITY = YES_AGGRESSIVE;
				CLANG_WARN_UNREACHABLE_CODE = YES;
				CLANG_WARN__DUPLICATE_METHOD_MATCH = YES;
				COPY_PHASE_STRIP = NO;
				DEBUG_INFORMATION_FORMAT = dwarf;
				ENABLE_STRICT_OBJC_MSGSEND = YES;
				ENABLE_TESTABILITY = YES;
				GCC_C_LANGUAGE_STANDARD = gnu11;
				GCC_DYNAMIC_NO_PIC = NO;
				GCC_NO_COMMON_BLOCKS = YES;
				GCC_OPTIMIZATION_LEVEL = 0;
				GCC_PREPROCESSOR_DEFINITIONS = (
					"DEBUG=1",
					"$(inherited)",
				);
				GCC_WARN_64_TO_32_BIT_CONVERSION = YES;
				GCC_WARN_ABOUT_RETURN_TYPE = YES_ERROR;
				GCC_WARN_UNDECLARED_SELECTOR = YES;
				GCC_WARN_UNINITIALIZED_AUTOS = YES_AGGRESSIVE;
				GCC_WARN_UNUSED_FUNCTION = YES;
				GCC_WARN_UNUSED_VARIABLE = YES;
				IPHONEOS_DEPLOYMENT_TARGET = 15.0;
				MTL_ENABLE_DEBUG_INFO = INCLUDE_SOURCE;
				MTL_FAST_MATH = YES;
				ONLY_ACTIVE_ARCH = YES;
				SDKROOT = iphoneos;
				SWIFT_ACTIVE_COMPILATION_CONDITIONS = DEBUG;
				SWIFT_OPTIMIZATION_LEVEL = "-Onone";
			};
			name = Debug;
		};
		D81DD3DC273331E90091E446 /* Release */ = {
			isa = XCBuildConfiguration;
			buildSettings = {
				ALWAYS_SEARCH_USER_PATHS = NO;
				CLANG_ANALYZER_NONNULL = YES;
				CLANG_ANALYZER_NUMBER_OBJECT_CONVERSION = YES_AGGRESSIVE;
				CLANG_CXX_LANGUAGE_STANDARD = "gnu++17";
				CLANG_CXX_LIBRARY = "libc++";
				CLANG_ENABLE_MODULES = YES;
				CLANG_ENABLE_OBJC_ARC = YES;
				CLANG_ENABLE_OBJC_WEAK = YES;
				CLANG_WARN_BLOCK_CAPTURE_AUTORELEASING = YES;
				CLANG_WARN_BOOL_CONVERSION = YES;
				CLANG_WARN_COMMA = YES;
				CLANG_WARN_CONSTANT_CONVERSION = YES;
				CLANG_WARN_DEPRECATED_OBJC_IMPLEMENTATIONS = YES;
				CLANG_WARN_DIRECT_OBJC_ISA_USAGE = YES_ERROR;
				CLANG_WARN_DOCUMENTATION_COMMENTS = YES;
				CLANG_WARN_EMPTY_BODY = YES;
				CLANG_WARN_ENUM_CONVERSION = YES;
				CLANG_WARN_INFINITE_RECURSION = YES;
				CLANG_WARN_INT_CONVERSION = YES;
				CLANG_WARN_NON_LITERAL_NULL_CONVERSION = YES;
				CLANG_WARN_OBJC_IMPLICIT_RETAIN_SELF = YES;
				CLANG_WARN_OBJC_LITERAL_CONVERSION = YES;
				CLANG_WARN_OBJC_ROOT_CLASS = YES_ERROR;
				CLANG_WARN_QUOTED_INCLUDE_IN_FRAMEWORK_HEADER = YES;
				CLANG_WARN_RANGE_LOOP_ANALYSIS = YES;
				CLANG_WARN_STRICT_PROTOTYPES = YES;
				CLANG_WARN_SUSPICIOUS_MOVE = YES;
				CLANG_WARN_UNGUARDED_AVAILABILITY = YES_AGGRESSIVE;
				CLANG_WARN_UNREACHABLE_CODE = YES;
				CLANG_WARN__DUPLICATE_METHOD_MATCH = YES;
				COPY_PHASE_STRIP = NO;
				DEBUG_INFORMATION_FORMAT = "dwarf-with-dsym";
				ENABLE_NS_ASSERTIONS = NO;
				ENABLE_STRICT_OBJC_MSGSEND = YES;
				GCC_C_LANGUAGE_STANDARD = gnu11;
				GCC_NO_COMMON_BLOCKS = YES;
				GCC_WARN_64_TO_32_BIT_CONVERSION = YES;
				GCC_WARN_ABOUT_RETURN_TYPE = YES_ERROR;
				GCC_WARN_UNDECLARED_SELECTOR = YES;
				GCC_WARN_UNINITIALIZED_AUTOS = YES_AGGRESSIVE;
				GCC_WARN_UNUSED_FUNCTION = YES;
				GCC_WARN_UNUSED_VARIABLE = YES;
				IPHONEOS_DEPLOYMENT_TARGET = 15.0;
				MTL_ENABLE_DEBUG_INFO = NO;
				MTL_FAST_MATH = YES;
				SDKROOT = iphoneos;
				SWIFT_COMPILATION_MODE = wholemodule;
				SWIFT_OPTIMIZATION_LEVEL = "-O";
				VALIDATE_PRODUCT = YES;
			};
			name = Release;
		};
		D81DD3DE273331E90091E446 /* Debug */ = {
			isa = XCBuildConfiguration;
			buildSettings = {
				ASSETCATALOG_COMPILER_APPICON_NAME = AppIcon;
				ASSETCATALOG_COMPILER_GLOBAL_ACCENT_COLOR_NAME = AccentColor;
				CODE_SIGN_STYLE = Automatic;
				CURRENT_PROJECT_VERSION = 1;
				GENERATE_INFOPLIST_FILE = YES;
				INFOPLIST_FILE = constraints_exercise_2/Info.plist;
				INFOPLIST_KEY_UIApplicationSupportsIndirectInputEvents = YES;
				INFOPLIST_KEY_UILaunchStoryboardName = LaunchScreen;
				INFOPLIST_KEY_UIMainStoryboardFile = Main;
				INFOPLIST_KEY_UISupportedInterfaceOrientations_iPad = "UIInterfaceOrientationPortrait UIInterfaceOrientationPortraitUpsideDown UIInterfaceOrientationLandscapeLeft UIInterfaceOrientationLandscapeRight";
				INFOPLIST_KEY_UISupportedInterfaceOrientations_iPhone = "UIInterfaceOrientationPortrait UIInterfaceOrientationLandscapeLeft UIInterfaceOrientationLandscapeRight";
				LD_RUNPATH_SEARCH_PATHS = (
					"$(inherited)",
					"@executable_path/Frameworks",
				);
				MARKETING_VERSION = 1.0;
				PRODUCT_BUNDLE_IDENTIFIER = "com.globant.constraints-exercise-2";
				PRODUCT_NAME = "$(TARGET_NAME)";
				SWIFT_EMIT_LOC_STRINGS = YES;
				SWIFT_VERSION = 5.0;
				TARGETED_DEVICE_FAMILY = "1,2";
			};
			name = Debug;
		};
		D81DD3DF273331E90091E446 /* Release */ = {
			isa = XCBuildConfiguration;
			buildSettings = {
				ASSETCATALOG_COMPILER_APPICON_NAME = AppIcon;
				ASSETCATALOG_COMPILER_GLOBAL_ACCENT_COLOR_NAME = AccentColor;
				CODE_SIGN_STYLE = Automatic;
				CURRENT_PROJECT_VERSION = 1;
				GENERATE_INFOPLIST_FILE = YES;
				INFOPLIST_FILE = constraints_exercise_2/Info.plist;
				INFOPLIST_KEY_UIApplicationSupportsIndirectInputEvents = YES;
				INFOPLIST_KEY_UILaunchStoryboardName = LaunchScreen;
				INFOPLIST_KEY_UIMainStoryboardFile = Main;
				INFOPLIST_KEY_UISupportedInterfaceOrientations_iPad = "UIInterfaceOrientationPortrait UIInterfaceOrientationPortraitUpsideDown UIInterfaceOrientationLandscapeLeft UIInterfaceOrientationLandscapeRight";
				INFOPLIST_KEY_UISupportedInterfaceOrientations_iPhone = "UIInterfaceOrientationPortrait UIInterfaceOrientationLandscapeLeft UIInterfaceOrientationLandscapeRight";
				LD_RUNPATH_SEARCH_PATHS = (
					"$(inherited)",
					"@executable_path/Frameworks",
				);
				MARKETING_VERSION = 1.0;
				PRODUCT_BUNDLE_IDENTIFIER = "com.globant.constraints-exercise-2";
				PRODUCT_NAME = "$(TARGET_NAME)";
				SWIFT_EMIT_LOC_STRINGS = YES;
				SWIFT_VERSION = 5.0;
				TARGETED_DEVICE_FAMILY = "1,2";
			};
			name = Release;
		};
		D81DD3E1273331E90091E446 /* Debug */ = {
			isa = XCBuildConfiguration;
			buildSettings = {
				ALWAYS_EMBED_SWIFT_STANDARD_LIBRARIES = YES;
				BUNDLE_LOADER = "$(TEST_HOST)";
				CODE_SIGN_STYLE = Automatic;
				CURRENT_PROJECT_VERSION = 1;
				GENERATE_INFOPLIST_FILE = YES;
				IPHONEOS_DEPLOYMENT_TARGET = 15.0;
				LD_RUNPATH_SEARCH_PATHS = (
					"$(inherited)",
					"@executable_path/Frameworks",
					"@loader_path/Frameworks",
				);
				MARKETING_VERSION = 1.0;
				PRODUCT_BUNDLE_IDENTIFIER = "com.globant.constraints-exercise-2Tests";
				PRODUCT_NAME = "$(TARGET_NAME)";
				SWIFT_EMIT_LOC_STRINGS = NO;
				SWIFT_VERSION = 5.0;
				TARGETED_DEVICE_FAMILY = "1,2";
				TEST_HOST = "$(BUILT_PRODUCTS_DIR)/constraints_exercise_2.app/constraints_exercise_2";
			};
			name = Debug;
		};
		D81DD3E2273331E90091E446 /* Release */ = {
			isa = XCBuildConfiguration;
			buildSettings = {
				ALWAYS_EMBED_SWIFT_STANDARD_LIBRARIES = YES;
				BUNDLE_LOADER = "$(TEST_HOST)";
				CODE_SIGN_STYLE = Automatic;
				CURRENT_PROJECT_VERSION = 1;
				GENERATE_INFOPLIST_FILE = YES;
				IPHONEOS_DEPLOYMENT_TARGET = 15.0;
				LD_RUNPATH_SEARCH_PATHS = (
					"$(inherited)",
					"@executable_path/Frameworks",
					"@loader_path/Frameworks",
				);
				MARKETING_VERSION = 1.0;
				PRODUCT_BUNDLE_IDENTIFIER = "com.globant.constraints-exercise-2Tests";
				PRODUCT_NAME = "$(TARGET_NAME)";
				SWIFT_EMIT_LOC_STRINGS = NO;
				SWIFT_VERSION = 5.0;
				TARGETED_DEVICE_FAMILY = "1,2";
				TEST_HOST = "$(BUILT_PRODUCTS_DIR)/constraints_exercise_2.app/constraints_exercise_2";
			};
			name = Release;
		};
		D81DD3E4273331E90091E446 /* Debug */ = {
			isa = XCBuildConfiguration;
			buildSettings = {
				ALWAYS_EMBED_SWIFT_STANDARD_LIBRARIES = YES;
				CODE_SIGN_STYLE = Automatic;
				CURRENT_PROJECT_VERSION = 1;
				GENERATE_INFOPLIST_FILE = YES;
				LD_RUNPATH_SEARCH_PATHS = (
					"$(inherited)",
					"@executable_path/Frameworks",
					"@loader_path/Frameworks",
				);
				MARKETING_VERSION = 1.0;
				PRODUCT_BUNDLE_IDENTIFIER = "com.globant.constraints-exercise-2UITests";
				PRODUCT_NAME = "$(TARGET_NAME)";
				SWIFT_EMIT_LOC_STRINGS = NO;
				SWIFT_VERSION = 5.0;
				TARGETED_DEVICE_FAMILY = "1,2";
				TEST_TARGET_NAME = constraints_exercise_2;
			};
			name = Debug;
		};
		D81DD3E5273331E90091E446 /* Release */ = {
			isa = XCBuildConfiguration;
			buildSettings = {
				ALWAYS_EMBED_SWIFT_STANDARD_LIBRARIES = YES;
				CODE_SIGN_STYLE = Automatic;
				CURRENT_PROJECT_VERSION = 1;
				GENERATE_INFOPLIST_FILE = YES;
				LD_RUNPATH_SEARCH_PATHS = (
					"$(inherited)",
					"@executable_path/Frameworks",
					"@loader_path/Frameworks",
				);
				MARKETING_VERSION = 1.0;
				PRODUCT_BUNDLE_IDENTIFIER = "com.globant.constraints-exercise-2UITests";
				PRODUCT_NAME = "$(TARGET_NAME)";
				SWIFT_EMIT_LOC_STRINGS = NO;
				SWIFT_VERSION = 5.0;
				TARGETED_DEVICE_FAMILY = "1,2";
				TEST_TARGET_NAME = constraints_exercise_2;
			};
			name = Release;
		};
/* End XCBuildConfiguration section */

/* Begin XCConfigurationList section */
		D81DD3AE273331E00091E446 /* Build configuration list for PBXProject "constraints_exercise_2" */ = {
			isa = XCConfigurationList;
			buildConfigurations = (
				D81DD3DB273331E90091E446 /* Debug */,
				D81DD3DC273331E90091E446 /* Release */,
			);
			defaultConfigurationIsVisible = 0;
			defaultConfigurationName = Release;
		};
		D81DD3DD273331E90091E446 /* Build configuration list for PBXNativeTarget "constraints_exercise_2" */ = {
			isa = XCConfigurationList;
			buildConfigurations = (
				D81DD3DE273331E90091E446 /* Debug */,
				D81DD3DF273331E90091E446 /* Release */,
			);
			defaultConfigurationIsVisible = 0;
			defaultConfigurationName = Release;
		};
		D81DD3E0273331E90091E446 /* Build configuration list for PBXNativeTarget "constraints_exercise_2Tests" */ = {
			isa = XCConfigurationList;
			buildConfigurations = (
				D81DD3E1273331E90091E446 /* Debug */,
				D81DD3E2273331E90091E446 /* Release */,
			);
			defaultConfigurationIsVisible = 0;
			defaultConfigurationName = Release;
		};
		D81DD3E3273331E90091E446 /* Build configuration list for PBXNativeTarget "constraints_exercise_2UITests" */ = {
			isa = XCConfigurationList;
			buildConfigurations = (
				D81DD3E4273331E90091E446 /* Debug */,
				D81DD3E5273331E90091E446 /* Release */,
			);
			defaultConfigurationIsVisible = 0;
			defaultConfigurationName = Release;
		};
/* End XCConfigurationList section */
	};
	rootObject = D81DD3AB273331E00091E446 /* Project object */;
}
